<?xml version="1.0" encoding="utf-8"?>
<Project ToolsVersion="4.0" xmlns="http://schemas.microsoft.com/developer/msbuild/2003">
  <ItemGroup>
    <Filter Include="Source Files">
      <UniqueIdentifier>{4FC737F1-C7A5-4376-A066-2A32D752A2FF}</UniqueIdentifier>
      <Extensions>cpp;c;cc;cxx;c++;cppm;ixx;def;odl;idl;hpj;bat;asm;asmx</Extensions>
    </Filter>
    <Filter Include="Header Files">
      <UniqueIdentifier>{93995380-89BD-4b04-88EB-625FBE52EBFB}</UniqueIdentifier>
      <Extensions>h;hh;hpp;hxx;h++;hm;inl;inc;ipp;xsd</Extensions>
    </Filter>
    <Filter Include="Resource Files">
      <UniqueIdentifier>{67DA6AB6-F800-4c08-8B7A-83BB121AAD01}</UniqueIdentifier>
      <Extensions>rc;ico;cur;bmp;dlg;rc2;rct;bin;rgs;gif;jpg;jpeg;jpe;resx;tiff;tif;png;wav;mfcribbon-ms</Extensions>
    </Filter>
  </ItemGroup>
  <ItemGroup>
    <ClCompile Include="Engine Modules\User\ECSRegistry.cpp">
      <Filter>Source Files</Filter>
    </ClCompile>
    <ClCompile Include="Engine Modules\Input\InputInterface.cpp">
      <Filter>Source Files</Filter>
    </ClCompile>
    <ClCompile Include="Engine Modules\Graphics\Panel.cpp">
      <Filter>Source Files</Filter>
    </ClCompile>
    <ClCompile Include="Engine Modules\World\LevelGrid.cpp">
      <Filter>Source Files</Filter>
    </ClCompile>
    <ClCompile Include="Engine Modules\GameState\GameStateHandler.cpp">
      <Filter>Source Files</Filter>
    </ClCompile>
    <ClCompile Include="Engine Modules\Graphics\PanelManager.cpp">
      <Filter>Source Files</Filter>
    </ClCompile>
    <ClCompile Include="Engine Modules\ECS\Entities\Entity.cpp">
      <Filter>Source Files</Filter>
    </ClCompile>
    <ClCompile Include="Engine Modules\ECS\Events\EventIDs.cpp">
      <Filter>Source Files</Filter>
    </ClCompile>
    <ClCompile Include="Engine Modules\ECS\Duplicatable\Duplicatable.cpp">
      <Filter>Source Files</Filter>
    </ClCompile>
    <ClCompile Include="Engine Modules\ECS\Entities\EntityManager.cpp">
      <Filter>Source Files</Filter>
    </ClCompile>
    <ClCompile Include="Engine Modules\Input\Input Events\InputEventDefinitions.cpp">
      <Filter>Source Files</Filter>
    </ClCompile>
    <ClCompile Include="Engine Modules\Input\Input Events\InputManager.cpp">
      <Filter>Source Files</Filter>
    </ClCompile>
    <ClCompile Include="Engine Modules\Input\Key Events\KeyRecorder.cpp">
      <Filter>Source Files</Filter>
    </ClCompile>
    <ClCompile Include="Engine Modules\World\LevelUpdater.cpp">
      <Filter>Source Files</Filter>
    </ClCompile>
    <ClCompile Include="Engine Modules\World\Level.cpp">
      <Filter>Source Files</Filter>
    </ClCompile>
    <ClCompile Include="Engine Modules\User\ACECS.cpp">
      <Filter>Source Files</Filter>
    </ClCompile>
    <ClCompile Include="Engine Modules\User\GameLevel.cpp">
      <Filter>Source Files</Filter>
    </ClCompile>
    <ClCompile Include="Engine Modules\ECS\Components\ComponentTemplateManager.cpp">
      <Filter>Source Files</Filter>
    </ClCompile>
    <ClCompile Include="Engine Modules\User\GameStates.cpp">
      <Filter>Source Files</Filter>
    </ClCompile>
    <ClCompile Include="Engine Modules\User\Panels.cpp">
      <Filter>Source Files</Filter>
    </ClCompile>
    <ClCompile Include="Engine Modules\Auxiliary\ConsoleHandler.cpp">
      <Filter>Source Files</Filter>
    </ClCompile>
    <ClCompile Include="Engine Modules\Graphics\WindowHolder.cpp">
      <Filter>Source Files</Filter>
    </ClCompile>
    <ClCompile Include="Engine Modules\ECS\Events\EventPool.cpp">
      <Filter>Source Files</Filter>
    </ClCompile>
    <ClCompile Include="Engine Modules\World\LevelTypeDefinitions.cpp">
      <Filter>Source Files</Filter>
    </ClCompile>
    <ClCompile Include="Engine Modules\Graphics\Stores\ImageStore.cpp">
      <Filter>Source Files</Filter>
    </ClCompile>
    <ClCompile Include="Engine Modules\Graphics\Stores\GraphicsStore.cpp">
      <Filter>Source Files</Filter>
    </ClCompile>
    <ClCompile Include="Engine Modules\Graphics\Stores\TextureStore.cpp">
      <Filter>Source Files</Filter>
    </ClCompile>
    <ClCompile Include="Engine Modules\Audio\SoundBufferStore.cpp">
      <Filter>Source Files</Filter>
    </ClCompile>
    <ClCompile Include="Engine Modules\Audio\AudioStore.cpp">
      <Filter>Source Files</Filter>
    </ClCompile>
    <ClCompile Include="Engine Modules\Audio\MusicSelector.cpp">
      <Filter>Source Files</Filter>
    </ClCompile>
    <ClCompile Include="Engine Modules\Audio\SoundHandler.cpp">
      <Filter>Source Files</Filter>
    </ClCompile>
    <ClCompile Include="Engine Modules\Auxiliary\TimeHandler.cpp">
      <Filter>Source Files</Filter>
    </ClCompile>
    <ClCompile Include="Engine Modules\Auxiliary\Cooldown.cpp">
      <Filter>Source Files</Filter>
    </ClCompile>
    <ClCompile Include="Engine Modules\Audio\SoundPlayer.cpp">
      <Filter>Source Files</Filter>
    </ClCompile>
    <ClCompile Include="Engine Modules\Saving\SaveHandler.cpp">
      <Filter>Source Files</Filter>
    </ClCompile>
    <ClCompile Include="Engine Modules\User\SaveOperations.cpp">
      <Filter>Source Files</Filter>
    </ClCompile>
    <ClCompile Include="Engine Modules\Saving\SaveDirector.cpp">
      <Filter>Source Files</Filter>
    </ClCompile>
    <ClCompile Include="Engine Modules\User\SaveFunctions.cpp">
      <Filter>Source Files</Filter>
    </ClCompile>
  </ItemGroup>
  <ItemGroup>
    <ClInclude Include="Engine Modules\User\ECSRegistry.hpp">
      <Filter>Header Files</Filter>
    </ClInclude>
    <ClInclude Include="Engine Modules\ECS\TypeIDAllocator.hpp">
      <Filter>Header Files</Filter>
    </ClInclude>
    <ClInclude Include="Engine Modules\ECS\Components\ComponentIDs.hpp">
      <Filter>Header Files</Filter>
    </ClInclude>
    <ClInclude Include="Engine Modules\ECS\Components\Component.hpp">
      <Filter>Header Files</Filter>
    </ClInclude>
    <ClInclude Include="Engine Modules\ECS\Entities\Entity.hpp">
      <Filter>Header Files</Filter>
    </ClInclude>
    <ClInclude Include="Engine Modules\ECS\Entities\EntityManager.hpp">
      <Filter>Header Files</Filter>
    </ClInclude>
    <ClInclude Include="Engine Modules\ECS\Events\EventIDs.hpp">
      <Filter>Header Files</Filter>
    </ClInclude>
    <ClInclude Include="Engine Modules\ECS\Events\Event.hpp">
      <Filter>Header Files</Filter>
    </ClInclude>
    <ClInclude Include="Engine Modules\ECS\TypeDefinitions.hpp">
      <Filter>Header Files</Filter>
    </ClInclude>
    <ClInclude Include="Engine Modules\ECS.hpp">
      <Filter>Header Files</Filter>
    </ClInclude>
    <ClInclude Include="Engine Modules\Input\Key Events\KeyRecorder.hpp">
      <Filter>Header Files</Filter>
    </ClInclude>
    <ClInclude Include="Engine Modules\Input\Input Events\InputManager.hpp">
      <Filter>Header Files</Filter>
    </ClInclude>
    <ClInclude Include="Engine Modules\Input\InputInterface.hpp">
      <Filter>Header Files</Filter>
    </ClInclude>
    <ClInclude Include="Engine Modules\Input\Input Events\InputEventDefinitions.hpp">
      <Filter>Header Files</Filter>
    </ClInclude>
    <ClInclude Include="Engine Modules\Input\Key Events\KeyEventDefinitions.hpp">
      <Filter>Header Files</Filter>
    </ClInclude>
    <ClInclude Include="Engine Modules\GameState\GameStateHandler.hpp">
      <Filter>Header Files</Filter>
    </ClInclude>
    <ClInclude Include="Engine Modules\GameState.hpp">
      <Filter>Header Files</Filter>
    </ClInclude>
    <ClInclude Include="Engine Modules\User\ACECS.hpp">
      <Filter>Header Files</Filter>
    </ClInclude>
    <ClInclude Include="Engine Modules\Graphics\Panel.hpp">
      <Filter>Header Files</Filter>
    </ClInclude>
    <ClInclude Include="Engine Modules\Graphics.hpp">
      <Filter>Header Files</Filter>
    </ClInclude>
    <ClInclude Include="Engine Modules\World\LevelGrid.hpp">
      <Filter>Header Files</Filter>
    </ClInclude>
    <ClInclude Include="Engine Modules\ECS\Components\ComponentTemplateManager.hpp">
      <Filter>Header Files</Filter>
    </ClInclude>
    <ClInclude Include="Engine Modules\ECS\Duplicatable\Duplicatable.hpp">
      <Filter>Header Files</Filter>
    </ClInclude>
    <ClInclude Include="Engine Modules\World\LevelTypeDefinitions.hpp">
      <Filter>Header Files</Filter>
    </ClInclude>
    <ClInclude Include="Engine Modules\World\LevelUpdater.hpp">
      <Filter>Header Files</Filter>
    </ClInclude>
    <ClInclude Include="Engine Modules\World.hpp">
      <Filter>Header Files</Filter>
    </ClInclude>
    <ClInclude Include="Engine Modules\World\Level.hpp">
      <Filter>Header Files</Filter>
    </ClInclude>
    <ClInclude Include="Engine Modules\User\GameLevel.hpp">
      <Filter>Header Files</Filter>
    </ClInclude>
    <ClInclude Include="Engine Modules\User\GameStates.hpp">
      <Filter>Header Files</Filter>
    </ClInclude>
    <ClInclude Include="Engine Modules\User\Panels.hpp">
      <Filter>Header Files</Filter>
    </ClInclude>
    <ClInclude Include="Engine Modules\Auxiliary\ConsoleHandler.hpp">
      <Filter>Header Files</Filter>
    </ClInclude>
    <ClInclude Include="Engine Modules\Graphics\WindowHolder.hpp">
      <Filter>Header Files</Filter>
    </ClInclude>
    <ClInclude Include="Engine Modules\ECS\Events\EventPool.hpp">
      <Filter>Header Files</Filter>
    </ClInclude>
    <ClInclude Include="Engine Modules\Graphics\PanelManager.hpp">
      <Filter>Header Files</Filter>
    </ClInclude>
    <ClInclude Include="Engine Modules\Input.hpp">
      <Filter>Header Files</Filter>
    </ClInclude>
    <ClInclude Include="Engine Modules\Auxiliary\FileStore.hpp">
      <Filter>Header Files</Filter>
    </ClInclude>
    <ClInclude Include="Engine Modules\Graphics\Stores\ImageStore.hpp">
      <Filter>Header Files</Filter>
    </ClInclude>
    <ClInclude Include="Engine Modules\Graphics\Stores\GraphicsStore.hpp">
      <Filter>Header Files</Filter>
    </ClInclude>
    <ClInclude Include="Engine Modules\Graphics\Stores\TextureStore.hpp">
      <Filter>Header Files</Filter>
    </ClInclude>
    <ClInclude Include="Engine Modules\Auxiliary\ObjectStore.hpp">
      <Filter>Header Files</Filter>
    </ClInclude>
    <ClInclude Include="Engine Modules\Audio\SoundBufferStore.hpp">
      <Filter>Header Files</Filter>
    </ClInclude>
    <ClInclude Include="Engine Modules\Audio\AudioStore.hpp">
      <Filter>Header Files</Filter>
    </ClInclude>
    <ClInclude Include="Engine Modules\Audio\MusicSelector.hpp">
      <Filter>Header Files</Filter>
    </ClInclude>
    <ClInclude Include="Engine Modules\Audio\SoundHandler.hpp">
      <Filter>Header Files</Filter>
    </ClInclude>
    <ClInclude Include="Engine Modules\Auxiliary\TimeHandler.hpp">
      <Filter>Header Files</Filter>
    </ClInclude>
    <ClInclude Include="Engine Modules\Auxiliary\NumberGenerator.hpp">
      <Filter>Header Files</Filter>
    </ClInclude>
    <ClInclude Include="Engine Modules\Auxiliary\Cooldown.hpp">
      <Filter>Header Files</Filter>
    </ClInclude>
    <ClInclude Include="Engine Modules\Auxiliary\Math.hpp">
      <Filter>Header Files</Filter>
    </ClInclude>
    <ClInclude Include="Engine Modules\Auxiliary\VectorMath.hpp">
      <Filter>Header Files</Filter>
    </ClInclude>
    <ClInclude Include="Engine Modules\Audio.hpp">
      <Filter>Header Files</Filter>
    </ClInclude>
    <ClInclude Include="Engine Modules\Audio\SoundPlayer.hpp">
      <Filter>Header Files</Filter>
    </ClInclude>
    <ClInclude Include="Engine Modules\Saving\SaveHandler.hpp">
      <Filter>Header Files</Filter>
    </ClInclude>
    <ClInclude Include="Engine Modules\User\SaveOperations.hpp">
      <Filter>Header Files</Filter>
    </ClInclude>
    <ClInclude Include="Engine Modules\Saving\SaveDirector.hpp">
      <Filter>Header Files</Filter>
    </ClInclude>
  </ItemGroup>
  <ItemGroup>
    <None Include="x64\Debug\ACECS Engine.exp" />
    <None Include="x64\Debug\ACECS Engine.pdb" />
    <None Include="x64\Debug\openal32.dll" />
    <None Include="x64\Debug\sfml-audio-d-2.dll" />
    <None Include="x64\Debug\sfml-graphics-d-2.dll" />
    <None Include="x64\Debug\sfml-system-d-2.dll" />
    <None Include="x64\Debug\sfml-window-d-2.dll" />
  </ItemGroup>
</Project>